{
  "lockfileVersion": 1,
  "workspaces": {
    "": {
      "name": "scraper",
      "dependencies": {
        "@ai-sdk/anthropic": "^1.2.10",
        "@ai-sdk/deepseek": "^0.2.2",
        "@ai-sdk/openai": "^1.3.6",
        "@openrouter/ai-sdk-provider": "^0.4.5",
        "ai": "^4.2.6",
      },
      "devDependencies": {
        "@types/bun": "latest",
      },
      "peerDependencies": {
        "typescript": "^5.0.0",
      },
    },
  },
  "packages": {
    "@ai-sdk/anthropic": ["@ai-sdk/anthropic@1.2.10", "", { "dependencies": { "@ai-sdk/provider": "1.1.3", "@ai-sdk/provider-utils": "2.2.7" }, "peerDependencies": { "zod": "^3.0.0" } }, "sha512-PyE7EC2fPjs9DnzRAHDrPQmcnI2m2Eojr8pfhckOejOlDEh2w7NnSJr1W3qe5hUWzKr+6d7NG1ZKR9fhmpDdEQ=="],

    "@ai-sdk/deepseek": ["@ai-sdk/deepseek@0.2.2", "", { "dependencies": { "@ai-sdk/openai-compatible": "0.2.2", "@ai-sdk/provider": "1.1.0", "@ai-sdk/provider-utils": "2.2.1" }, "peerDependencies": { "zod": "^3.0.0" } }, "sha512-utqalXPkAMPsPRAxQt0isbtgjBbGsiIRzg24xdBMl5pZFDRgo7XOWhBMwhHnB7Ii1cHobjVRxKNMqvcJSa9gmQ=="],

    "@ai-sdk/openai": ["@ai-sdk/openai@1.3.6", "", { "dependencies": { "@ai-sdk/provider": "1.1.0", "@ai-sdk/provider-utils": "2.2.3" }, "peerDependencies": { "zod": "^3.0.0" } }, "sha512-Lyp6W6dg+ERMJru3DI8/pWAjXLB0GbMMlXh4jxA3mVny8CJHlCAjlEJRuAdLg1/CFz4J1UDN2/4qBnIWtLFIqw=="],

    "@ai-sdk/openai-compatible": ["@ai-sdk/openai-compatible@0.2.2", "", { "dependencies": { "@ai-sdk/provider": "1.1.0", "@ai-sdk/provider-utils": "2.2.1" }, "peerDependencies": { "zod": "^3.0.0" } }, "sha512-pMc21dXF8qWP5AZkNtm+/jvBg1lHlC0HsP5yJRYZ5/6fYuRMl5JYMQZc4Gl8azd19LdWmPPi1HJT+jYE4vM04g=="],

    "@ai-sdk/provider": ["@ai-sdk/provider@1.1.3", "", { "dependencies": { "json-schema": "^0.4.0" } }, "sha512-qZMxYJ0qqX/RfnuIaab+zp8UAeJn/ygXXAffR5I4N0n1IrvA6qBsjc8hXLmBiMV2zoXlifkacF7sEFnYnjBcqg=="],

    "@ai-sdk/provider-utils": ["@ai-sdk/provider-utils@2.2.7", "", { "dependencies": { "@ai-sdk/provider": "1.1.3", "nanoid": "^3.3.8", "secure-json-parse": "^2.7.0" }, "peerDependencies": { "zod": "^3.23.8" } }, "sha512-kM0xS3GWg3aMChh9zfeM+80vEZfXzR3JEUBdycZLtbRZ2TRT8xOj3WodGHPb06sUK5yD7pAXC/P7ctsi2fvUGQ=="],

    "@ai-sdk/react": ["@ai-sdk/react@1.2.2", "", { "dependencies": { "@ai-sdk/provider-utils": "2.2.1", "@ai-sdk/ui-utils": "1.2.1", "swr": "^2.2.5", "throttleit": "2.1.0" }, "peerDependencies": { "react": "^18 || ^19 || ^19.0.0-rc", "zod": "^3.23.8" }, "optionalPeers": ["zod"] }, "sha512-rxyNTFjUd3IilVOJFuUJV5ytZBYAIyRi50kFS2gNmSEiG4NHMBBm31ddrxI/i86VpY8gzZVp1/igtljnWBihUA=="],

    "@ai-sdk/ui-utils": ["@ai-sdk/ui-utils@1.2.1", "", { "dependencies": { "@ai-sdk/provider": "1.1.0", "@ai-sdk/provider-utils": "2.2.1", "zod-to-json-schema": "^3.24.1" }, "peerDependencies": { "zod": "^3.23.8" } }, "sha512-BzvMbYm7LHBlbWuLlcG1jQh4eu14MGpz7L+wrGO1+F4oQ+O0fAjgUSNwPWGlZpKmg4NrcVq/QLmxiVJrx2R4Ew=="],

    "@openrouter/ai-sdk-provider": ["@openrouter/ai-sdk-provider@0.4.5", "", { "dependencies": { "@ai-sdk/provider": "1.0.9", "@ai-sdk/provider-utils": "2.1.10" }, "peerDependencies": { "zod": "^3.0.0" } }, "sha512-gbCOcSjNhyWlLHyYZX2rIFnpJi3C2RXNyyzJj+d6pMRfTS/mdvEEOsU66KxK9H8Qju2i9YRLOn/FdQT26K7bIQ=="],

    "@opentelemetry/api": ["@opentelemetry/api@1.9.0", "", {}, "sha512-3giAOQvZiH5F9bMlMiv8+GSPMeqg0dbaeo58/0SlA9sxSqZhnUtxzX9/2FzyhS9sWQf5S0GJE0AKBrFqjpeYcg=="],

    "@types/bun": ["@types/bun@1.2.8", "", { "dependencies": { "bun-types": "1.2.7" } }, "sha512-t8L1RvJVUghW5V+M/fL3Thbxcs0HwNsXsnTEBEfEVqGteiJToOlZ/fyOEaR1kZsNqnu+3XA4RI/qmnX4w6+S+w=="],

    "@types/diff-match-patch": ["@types/diff-match-patch@1.0.36", "", {}, "sha512-xFdR6tkm0MWvBfO8xXCSsinYxHcqkQUlcHeSpMC2ukzOb6lwQAfDmW+Qt0AvlGd8HpsS28qKsB+oPeJn9I39jg=="],

    "@types/node": ["@types/node@22.13.14", "", { "dependencies": { "undici-types": "~6.20.0" } }, "sha512-Zs/Ollc1SJ8nKUAgc7ivOEdIBM8JAKgrqqUYi2J997JuKO7/tpQC+WCetQ1sypiKCQWHdvdg9wBNpUPEWZae7w=="],

    "@types/ws": ["@types/ws@8.18.0", "", { "dependencies": { "@types/node": "*" } }, "sha512-8svvI3hMyvN0kKCJMvTJP/x6Y/EoQbepff882wL+Sn5QsXb3etnamgrJq4isrBxSJj5L2AuXcI0+bgkoAXGUJw=="],

    "ai": ["ai@4.2.6", "", { "dependencies": { "@ai-sdk/provider": "1.1.0", "@ai-sdk/provider-utils": "2.2.1", "@ai-sdk/react": "1.2.2", "@ai-sdk/ui-utils": "1.2.1", "@opentelemetry/api": "1.9.0", "jsondiffpatch": "0.6.0" }, "peerDependencies": { "react": "^18 || ^19 || ^19.0.0-rc", "zod": "^3.23.8" }, "optionalPeers": ["react"] }, "sha512-vw0tGCUvnmOmzFm4rZI0o+sKx3Lcp7Fo5MrK3T+0ZVws/6+3CtB9ANmaC7DhJfdZFYm+wJuWMylsSEiJMjhJZQ=="],

    "bun-types": ["bun-types@1.2.7", "", { "dependencies": { "@types/node": "*", "@types/ws": "*" } }, "sha512-P4hHhk7kjF99acXqKvltyuMQ2kf/rzIw3ylEDpCxDS9Xa0X0Yp/gJu/vDCucmWpiur5qJ0lwB2bWzOXa2GlHqA=="],

    "chalk": ["chalk@5.4.1", "", {}, "sha512-zgVZuo2WcZgfUEmsn6eO3kINexW8RAE4maiQ8QNs8CtpPCSyMiYsULR3HQYkm3w8FIA3SberyMJMSldGsW+U3w=="],

    "dequal": ["dequal@2.0.3", "", {}, "sha512-0je+qPKHEMohvfRTCEo3CrPG6cAzAYgmzKyxRiYSSDkS6eGJdyVJm7WaYA5ECaAD9wLB2T4EEeymA5aFVcYXCA=="],

    "diff-match-patch": ["diff-match-patch@1.0.5", "", {}, "sha512-IayShXAgj/QMXgB0IWmKx+rOPuGMhqm5w6jvFxmVenXKIzRqTAAsbBPT3kWQeGANj3jGgvcvv4yK6SxqYmikgw=="],

    "eventsource-parser": ["eventsource-parser@3.0.1", "", {}, "sha512-VARTJ9CYeuQYb0pZEPbzi740OWFgpHe7AYJ2WFZVnUDUQp5Dk2yJUgF36YsZ81cOyxT0QxmXD2EQpapAouzWVA=="],

    "json-schema": ["json-schema@0.4.0", "", {}, "sha512-es94M3nTIfsEPisRafak+HDLfHXnKBhV3vU5eqPcS3flIWqcxJWgXHXiey3YrpaNsanY5ei1VoYEbOzijuq9BA=="],

    "jsondiffpatch": ["jsondiffpatch@0.6.0", "", { "dependencies": { "@types/diff-match-patch": "^1.0.36", "chalk": "^5.3.0", "diff-match-patch": "^1.0.5" }, "bin": { "jsondiffpatch": "bin/jsondiffpatch.js" } }, "sha512-3QItJOXp2AP1uv7waBkao5nCvhEv+QmJAd38Ybq7wNI74Q+BBmnLn4EDKz6yI9xGAIQoUF87qHt+kc1IVxB4zQ=="],

    "nanoid": ["nanoid@3.3.11", "", { "bin": { "nanoid": "bin/nanoid.cjs" } }, "sha512-N8SpfPUnUp1bK+PMYW8qSWdl9U+wwNWI4QKxOYDy9JAro3WMX7p2OeVRF9v+347pnakNevPmiHhNmZ2HbFA76w=="],

    "react": ["react@19.0.0", "", {}, "sha512-V8AVnmPIICiWpGfm6GLzCR/W5FXLchHop40W4nXBmdlEceh16rCN8O8LNWm5bh5XUX91fh7KpA+W0TgMKmgTpQ=="],

    "secure-json-parse": ["secure-json-parse@2.7.0", "", {}, "sha512-6aU+Rwsezw7VR8/nyvKTx8QpWH9FrcYiXXlqC4z5d5XQBDRqtbfsRjnwGyqbi3gddNtWHuEk9OANUotL26qKUw=="],

    "swr": ["swr@2.3.3", "", { "dependencies": { "dequal": "^2.0.3", "use-sync-external-store": "^1.4.0" }, "peerDependencies": { "react": "^16.11.0 || ^17.0.0 || ^18.0.0 || ^19.0.0" } }, "sha512-dshNvs3ExOqtZ6kJBaAsabhPdHyeY4P2cKwRCniDVifBMoG/SVI7tfLWqPXriVspf2Rg4tPzXJTnwaihIeFw2A=="],

    "throttleit": ["throttleit@2.1.0", "", {}, "sha512-nt6AMGKW1p/70DF/hGBdJB57B8Tspmbp5gfJ8ilhLnt7kkr2ye7hzD6NVG8GGErk2HWF34igrL2CXmNIkzKqKw=="],

    "typescript": ["typescript@5.8.2", "", { "bin": { "tsc": "bin/tsc", "tsserver": "bin/tsserver" } }, "sha512-aJn6wq13/afZp/jT9QZmwEjDqqvSGp1VT5GVg+f/t6/oVyrgXM6BY1h9BRh/O5p3PlUPAe+WuiEZOmb/49RqoQ=="],

    "undici-types": ["undici-types@6.20.0", "", {}, "sha512-Ny6QZ2Nju20vw1SRHe3d9jVu6gJ+4e3+MMpqu7pqE5HT6WsTSlce++GQmK5UXS8mzV8DSYHrQH+Xrf2jVcuKNg=="],

    "use-sync-external-store": ["use-sync-external-store@1.4.0", "", { "peerDependencies": { "react": "^16.8.0 || ^17.0.0 || ^18.0.0 || ^19.0.0" } }, "sha512-9WXSPC5fMv61vaupRkCKCxsPxBocVnwakBEkMIHHpkTTg6icbJtg6jzgtLDm4bl3cSHAca52rYWih0k4K3PfHw=="],

    "zod": ["zod@3.24.2", "", {}, "sha512-lY7CDW43ECgW9u1TcT3IoXHflywfVqDYze4waEz812jR/bZ8FHDsl7pFQoSZTz5N+2NqRXs8GBwnAwo3ZNxqhQ=="],

    "zod-to-json-schema": ["zod-to-json-schema@3.24.5", "", { "peerDependencies": { "zod": "^3.24.1" } }, "sha512-/AuWwMP+YqiPbsJx5D6TfgRTc4kTLjsh5SOcd4bLsfUg2RcEXrFMJl1DGgdHy2aCfsIA/cr/1JM0xcB2GZji8g=="],

    "@ai-sdk/deepseek/@ai-sdk/provider": ["@ai-sdk/provider@1.1.0", "", { "dependencies": { "json-schema": "^0.4.0" } }, "sha512-0M+qjp+clUD0R1E5eWQFhxEvWLNaOtGQRUaBn8CUABnSKredagq92hUS9VjOzGsTm37xLfpaxl97AVtbeOsHew=="],

    "@ai-sdk/deepseek/@ai-sdk/provider-utils": ["@ai-sdk/provider-utils@2.2.1", "", { "dependencies": { "@ai-sdk/provider": "1.1.0", "nanoid": "^3.3.8", "secure-json-parse": "^2.7.0" }, "peerDependencies": { "zod": "^3.23.8" } }, "sha512-BuExLp+NcpwsAVj1F4bgJuQkSqO/+roV9wM7RdIO+NVrcT8RBUTdXzf5arHt5T58VpK7bZyB2V9qigjaPHE+Dg=="],

    "@ai-sdk/openai/@ai-sdk/provider": ["@ai-sdk/provider@1.1.0", "", { "dependencies": { "json-schema": "^0.4.0" } }, "sha512-0M+qjp+clUD0R1E5eWQFhxEvWLNaOtGQRUaBn8CUABnSKredagq92hUS9VjOzGsTm37xLfpaxl97AVtbeOsHew=="],

    "@ai-sdk/openai/@ai-sdk/provider-utils": ["@ai-sdk/provider-utils@2.2.3", "", { "dependencies": { "@ai-sdk/provider": "1.1.0", "nanoid": "^3.3.8", "secure-json-parse": "^2.7.0" }, "peerDependencies": { "zod": "^3.23.8" } }, "sha512-o3fWTzkxzI5Af7U7y794MZkYNEsxbjLam2nxyoUZSScqkacb7vZ3EYHLh21+xCcSSzEC161C7pZAGHtC0hTUMw=="],

    "@ai-sdk/openai-compatible/@ai-sdk/provider": ["@ai-sdk/provider@1.1.0", "", { "dependencies": { "json-schema": "^0.4.0" } }, "sha512-0M+qjp+clUD0R1E5eWQFhxEvWLNaOtGQRUaBn8CUABnSKredagq92hUS9VjOzGsTm37xLfpaxl97AVtbeOsHew=="],

    "@ai-sdk/openai-compatible/@ai-sdk/provider-utils": ["@ai-sdk/provider-utils@2.2.1", "", { "dependencies": { "@ai-sdk/provider": "1.1.0", "nanoid": "^3.3.8", "secure-json-parse": "^2.7.0" }, "peerDependencies": { "zod": "^3.23.8" } }, "sha512-BuExLp+NcpwsAVj1F4bgJuQkSqO/+roV9wM7RdIO+NVrcT8RBUTdXzf5arHt5T58VpK7bZyB2V9qigjaPHE+Dg=="],

    "@ai-sdk/react/@ai-sdk/provider-utils": ["@ai-sdk/provider-utils@2.2.1", "", { "dependencies": { "@ai-sdk/provider": "1.1.0", "nanoid": "^3.3.8", "secure-json-parse": "^2.7.0" }, "peerDependencies": { "zod": "^3.23.8" } }, "sha512-BuExLp+NcpwsAVj1F4bgJuQkSqO/+roV9wM7RdIO+NVrcT8RBUTdXzf5arHt5T58VpK7bZyB2V9qigjaPHE+Dg=="],

    "@ai-sdk/ui-utils/@ai-sdk/provider": ["@ai-sdk/provider@1.1.0", "", { "dependencies": { "json-schema": "^0.4.0" } }, "sha512-0M+qjp+clUD0R1E5eWQFhxEvWLNaOtGQRUaBn8CUABnSKredagq92hUS9VjOzGsTm37xLfpaxl97AVtbeOsHew=="],

    "@ai-sdk/ui-utils/@ai-sdk/provider-utils": ["@ai-sdk/provider-utils@2.2.1", "", { "dependencies": { "@ai-sdk/provider": "1.1.0", "nanoid": "^3.3.8", "secure-json-parse": "^2.7.0" }, "peerDependencies": { "zod": "^3.23.8" } }, "sha512-BuExLp+NcpwsAVj1F4bgJuQkSqO/+roV9wM7RdIO+NVrcT8RBUTdXzf5arHt5T58VpK7bZyB2V9qigjaPHE+Dg=="],

    "@openrouter/ai-sdk-provider/@ai-sdk/provider": ["@ai-sdk/provider@1.0.9", "", { "dependencies": { "json-schema": "^0.4.0" } }, "sha512-jie6ZJT2ZR0uVOVCDc9R2xCX5I/Dum/wEK28lx21PJx6ZnFAN9EzD2WsPhcDWfCgGx3OAZZ0GyM3CEobXpa9LA=="],

    "@openrouter/ai-sdk-provider/@ai-sdk/provider-utils": ["@ai-sdk/provider-utils@2.1.10", "", { "dependencies": { "@ai-sdk/provider": "1.0.9", "eventsource-parser": "^3.0.0", "nanoid": "^3.3.8", "secure-json-parse": "^2.7.0" }, "peerDependencies": { "zod": "^3.0.0" }, "optionalPeers": ["zod"] }, "sha512-4GZ8GHjOFxePFzkl3q42AU0DQOtTQ5w09vmaWUf/pKFXJPizlnzKSUkF0f+VkapIUfDugyMqPMT1ge8XQzVI7Q=="],

    "ai/@ai-sdk/provider": ["@ai-sdk/provider@1.1.0", "", { "dependencies": { "json-schema": "^0.4.0" } }, "sha512-0M+qjp+clUD0R1E5eWQFhxEvWLNaOtGQRUaBn8CUABnSKredagq92hUS9VjOzGsTm37xLfpaxl97AVtbeOsHew=="],

    "ai/@ai-sdk/provider-utils": ["@ai-sdk/provider-utils@2.2.1", "", { "dependencies": { "@ai-sdk/provider": "1.1.0", "nanoid": "^3.3.8", "secure-json-parse": "^2.7.0" }, "peerDependencies": { "zod": "^3.23.8" } }, "sha512-BuExLp+NcpwsAVj1F4bgJuQkSqO/+roV9wM7RdIO+NVrcT8RBUTdXzf5arHt5T58VpK7bZyB2V9qigjaPHE+Dg=="],

    "@ai-sdk/react/@ai-sdk/provider-utils/@ai-sdk/provider": ["@ai-sdk/provider@1.1.0", "", { "dependencies": { "json-schema": "^0.4.0" } }, "sha512-0M+qjp+clUD0R1E5eWQFhxEvWLNaOtGQRUaBn8CUABnSKredagq92hUS9VjOzGsTm37xLfpaxl97AVtbeOsHew=="],
  }
}
